
Microsoft Visual Studio Solution File, Format Version 12.00
# Visual Studio 2015
Project("{FAE04EC0-301F-11D3-BF4B-00C04F79EFBC}") = "FurnitureLayout2D.CSharp", "FurnitureLayout2D.CSharp.csproj", "{8323691D-468B-9250-24C3-B58877409C3A}"
EndProject
Global
	GlobalSection(SolutionConfigurationPlatforms) = preSolution
		Debug|Any CPU = Debug|Any CPU
		Release|Any CPU = Release|Any CPU
	EndGlobalSection
	GlobalSection(ProjectConfigurationPlatforms) = postSolution
		{8323691D-468B-9250-24C3-B58877409C3A}.Debug|Any CPU.ActiveCfg = Debug|Any CPU
		{8323691D-468B-9250-24C3-B58877409C3A}.Debug|Any CPU.Build.0 = Debug|Any CPU
		{8323691D-468B-9250-24C3-B58877409C3A}.Release|Any CPU.ActiveCfg = Release|Any CPU
		{8323691D-468B-9250-24C3-B58877409C3A}.Release|Any CPU.Build.0 = Release|Any CPU
	EndGlobalSection
	GlobalSection(SolutionProperties) = preSolution
		HideSolutionNode = FALSE
	EndGlobalSection
EndGlobal
